
Microsoft Visual Studio Solution File, Format Version 12.00
# Visual Studio Version 17
VisualStudioVersion = 17.12.35527.113 d17.12
MinimumVisualStudioVersion = 10.0.40219.1
Project("{FAE04EC0-301F-11D3-BF4B-00C04F79EFBC}") = "SmartFactoryBootCamp", "SmartFactoryBootCamp\SmartFactoryBootCamp.csproj", "{FBE25531-DEB2-4EE5-A028-2F4AE2AB3E3E}"
EndProject
Global
	GlobalSection(SolutionConfigurationPlatforms) = preSolution
		Debug|Any CPU = Debug|Any CPU
		Release|Any CPU = Release|Any CPU
	EndGlobalSection
	GlobalSection(ProjectConfigurationPlatforms) = postSolution
		{FBE25531-DEB2-4EE5-A028-2F4AE2AB3E3E}.Debug|Any CPU.ActiveCfg = Debug|Any CPU
		{FBE25531-DEB2-4EE5-A028-2F4AE2AB3E3E}.Debug|Any CPU.Build.0 = Debug|Any CPU
		{FBE25531-DEB2-4EE5-A028-2F4AE2AB3E3E}.Release|Any CPU.ActiveCfg = Release|Any CPU
		{FBE25531-DEB2-4EE5-A028-2F4AE2AB3E3E}.Release|Any CPU.Build.0 = Release|Any CPU
	EndGlobalSection
	GlobalSection(SolutionProperties) = preSolution
		HideSolutionNode = FALSE
	EndGlobalSection
EndGlobal
